// !$*UTF8*$!
{
	archiveVersion = 1;
	classes = {
	};
	objectVersion = 46;
	objects = {

/* Begin PBXBuildFile section */
		14249D2B1DAFB58100769210 /* AppDelegate.swift in Sources */ = {isa = PBXBuildFile; fileRef = 14249D2A1DAFB58100769210 /* AppDelegate.swift */; };
		14249D2D1DAFB58100769210 /* ViewController.swift in Sources */ = {isa = PBXBuildFile; fileRef = 14249D2C1DAFB58100769210 /* ViewController.swift */; };
		14249D301DAFB58100769210 /* Main.storyboard in Resources */ = {isa = PBXBuildFile; fileRef = 14249D2E1DAFB58100769210 /* Main.storyboard */; };
		14249D321DAFB58100769210 /* Assets.xcassets in Resources */ = {isa = PBXBuildFile; fileRef = 14249D311DAFB58100769210 /* Assets.xcassets */; };
		14249D351DAFB58100769210 /* LaunchScreen.storyboard in Resources */ = {isa = PBXBuildFile; fileRef = 14249D331DAFB58100769210 /* LaunchScreen.storyboard */; };
		14249D401DAFB58100769210 /* SwiftWeatherTests.swift in Sources */ = {isa = PBXBuildFile; fileRef = 14249D3F1DAFB58100769210 /* SwiftWeatherTests.swift */; };
		14249D4B1DAFB58100769210 /* SwiftWeatherUITests.swift in Sources */ = {isa = PBXBuildFile; fileRef = 14249D4A1DAFB58100769210 /* SwiftWeatherUITests.swift */; };
/* End PBXBuildFile section */

/* Begin PBXContainerItemProxy section */
		14249D3C1DAFB58100769210 /* PBXContainerItemProxy */ = {
			isa = PBXContainerItemProxy;
			containerPortal = 14249D1F1DAFB58000769210 /* Project object */;
			proxyType = 1;
			remoteGlobalIDString = 14249D261DAFB58000769210;
			remoteInfo = SwiftWeather;
		};
		14249D471DAFB58100769210 /* PBXContainerItemProxy */ = {
			isa = PBXContainerItemProxy;
			containerPortal = 14249D1F1DAFB58000769210 /* Project object */;
			proxyType = 1;
			remoteGlobalIDString = 14249D261DAFB58000769210;
			remoteInfo = SwiftWeather;
		};
/* End PBXContainerItemProxy section */

/* Begin PBXFileReference section */
		14249D271DAFB58100769210 /* SwiftWeather.app */ = {isa = PBXFileReference; explicitFileType = wrapper.application; includeInIndex = 0; path = SwiftWeather.app; sourceTree = BUILT_PRODUCTS_DIR; };
		14249D2A1DAFB58100769210 /* AppDelegate.swift */ = {isa = PBXFileReference; lastKnownFileType = sourcecode.swift; path = AppDelegate.swift; sourceTree = "<group>"; };
		14249D2C1DAFB58100769210 /* ViewController.swift */ = {isa = PBXFileReference; lastKnownFileType = sourcecode.swift; path = ViewController.swift; sourceTree = "<group>"; };
		14249D2F1DAFB58100769210 /* Base */ = {isa = PBXFileReference; lastKnownFileType = file.storyboard; name = Base; path = Base.lproj/Main.storyboard; sourceTree = "<group>"; };
		14249D311DAFB58100769210 /* Assets.xcassets */ = {isa = PBXFileReference; lastKnownFileType = folder.assetcatalog; path = Assets.xcassets; sourceTree = "<group>"; };
		14249D341DAFB58100769210 /* Base */ = {isa = PBXFileReference; lastKnownFileType = file.storyboard; name = Base; path = Base.lproj/LaunchScreen.storyboard; sourceTree = "<group>"; };
		14249D361DAFB58100769210 /* Info.plist */ = {isa = PBXFileReference; lastKnownFileType = text.plist.xml; path = Info.plist; sourceTree = "<group>"; };
		14249D3B1DAFB58100769210 /* SwiftWeatherTests.xctest */ = {isa = PBXFileReference; explicitFileType = wrapper.cfbundle; includeInIndex = 0; path = SwiftWeatherTests.xctest; sourceTree = BUILT_PRODUCTS_DIR; };
		14249D3F1DAFB58100769210 /* SwiftWeatherTests.swift */ = {isa = PBXFileReference; lastKnownFileType = sourcecode.swift; path = SwiftWeatherTests.swift; sourceTree = "<group>"; };
		14249D411DAFB58100769210 /* Info.plist */ = {isa = PBXFileReference; lastKnownFileType = text.plist.xml; path = Info.plist; sourceTree = "<group>"; };
		14249D461DAFB58100769210 /* SwiftWeatherUITests.xctest */ = {isa = PBXFileReference; explicitFileType = wrapper.cfbundle; includeInIndex = 0; path = SwiftWeatherUITests.xctest; sourceTree = BUILT_PRODUCTS_DIR; };
		14249D4A1DAFB58100769210 /* SwiftWeatherUITests.swift */ = {isa = PBXFileReference; lastKnownFileType = sourcecode.swift; path = SwiftWeatherUITests.swift; sourceTree = "<group>"; };
		14249D4C1DAFB58100769210 /* Info.plist */ = {isa = PBXFileReference; lastKnownFileType = text.plist.xml; path = Info.plist; sourceTree = "<group>"; };
/* End PBXFileReference section */

/* Begin PBXFrameworksBuildPhase section */
		14249D241DAFB58000769210 /* Frameworks */ = {
			isa = PBXFrameworksBuildPhase;
			buildActionMask = 2147483647;
			files = (
			);
			runOnlyForDeploymentPostprocessing = 0;
		};
		14249D381DAFB58100769210 /* Frameworks */ = {
			isa = PBXFrameworksBuildPhase;
			buildActionMask = 2147483647;
			files = (
			);
			runOnlyForDeploymentPostprocessing = 0;
		};
		14249D431DAFB58100769210 /* Frameworks */ = {
			isa = PBXFrameworksBuildPhase;
			buildActionMask = 2147483647;
			files = (
			);
			runOnlyForDeploymentPostprocessing = 0;
		};
/* End PBXFrameworksBuildPhase section */

/* Begin PBXGroup section */
		14249D1E1DAFB58000769210 = {
			isa = PBXGroup;
			children = (
				14249D291DAFB58100769210 /* SwiftWeather */,
				14249D3E1DAFB58100769210 /* SwiftWeatherTests */,
				14249D491DAFB58100769210 /* SwiftWeatherUITests */,
				14249D281DAFB58100769210 /* Products */,
			);
			sourceTree = "<group>";
		};
		14249D281DAFB58100769210 /* Products */ = {
			isa = PBXGroup;
			children = (
				14249D271DAFB58100769210 /* SwiftWeather.app */,
				14249D3B1DAFB58100769210 /* SwiftWeatherTests.xctest */,
				14249D461DAFB58100769210 /* SwiftWeatherUITests.xctest */,
			);
			name = Products;
			sourceTree = "<group>";
		};
		14249D291DAFB58100769210 /* SwiftWeather */ = {
			isa = PBXGroup;
			children = (
				14249D2A1DAFB58100769210 /* AppDelegate.swift */,
				14249D2C1DAFB58100769210 /* ViewController.swift */,
				14249D2E1DAFB58100769210 /* Main.storyboard */,
				14249D311DAFB58100769210 /* Assets.xcassets */,
				14249D331DAFB58100769210 /* LaunchScreen.storyboard */,
				14249D361DAFB58100769210 /* Info.plist */,
			);
			path = SwiftWeather;
			sourceTree = "<group>";
		};
		14249D3E1DAFB58100769210 /* SwiftWeatherTests */ = {
			isa = PBXGroup;
			children = (
				14249D3F1DAFB58100769210 /* SwiftWeatherTests.swift */,
				14249D411DAFB58100769210 /* Info.plist */,
			);
			path = SwiftWeatherTests;
			sourceTree = "<group>";
		};
		14249D491DAFB58100769210 /* SwiftWeatherUITests */ = {
			isa = PBXGroup;
			children = (
				14249D4A1DAFB58100769210 /* SwiftWeatherUITests.swift */,
				14249D4C1DAFB58100769210 /* Info.plist */,
			);
			path = SwiftWeatherUITests;
			sourceTree = "<group>";
		};
/* End PBXGroup section */

/* Begin PBXNativeTarget section */
		14249D261DAFB58000769210 /* SwiftWeather */ = {
			isa = PBXNativeTarget;
			buildConfigurationList = 14249D4F1DAFB58100769210 /* Build configuration list for PBXNativeTarget "SwiftWeather" */;
			buildPhases = (
				14249D231DAFB58000769210 /* Sources */,
				14249D241DAFB58000769210 /* Frameworks */,
				14249D251DAFB58000769210 /* Resources */,
			);
			buildRules = (
			);
			dependencies = (
			);
			name = SwiftWeather;
			productName = SwiftWeather;
			productReference = 14249D271DAFB58100769210 /* SwiftWeather.app */;
			productType = "com.apple.product-type.application";
		};
		14249D3A1DAFB58100769210 /* SwiftWeatherTests */ = {
			isa = PBXNativeTarget;
			buildConfigurationList = 14249D521DAFB58100769210 /* Build configuration list for PBXNativeTarget "SwiftWeatherTests" */;
			buildPhases = (
				14249D371DAFB58100769210 /* Sources */,
				14249D381DAFB58100769210 /* Frameworks */,
				14249D391DAFB58100769210 /* Resources */,
			);
			buildRules = (
			);
			dependencies = (
				14249D3D1DAFB58100769210 /* PBXTargetDependency */,
			);
			name = SwiftWeatherTests;
			productName = SwiftWeatherTests;
			productReference = 14249D3B1DAFB58100769210 /* SwiftWeatherTests.xctest */;
			productType = "com.apple.product-type.bundle.unit-test";
		};
		14249D451DAFB58100769210 /* SwiftWeatherUITests */ = {
			isa = PBXNativeTarget;
			buildConfigurationList = 14249D551DAFB58100769210 /* Build configuration list for PBXNativeTarget "SwiftWeatherUITests" */;
			buildPhases = (
				14249D421DAFB58100769210 /* Sources */,
				14249D431DAFB58100769210 /* Frameworks */,
				14249D441DAFB58100769210 /* Resources */,
			);
			buildRules = (
			);
			dependencies = (
				14249D481DAFB58100769210 /* PBXTargetDependency */,
			);
			name = SwiftWeatherUITests;
			productName = SwiftWeatherUITests;
			productReference = 14249D461DAFB58100769210 /* SwiftWeatherUITests.xctest */;
			productType = "com.apple.product-type.bundle.ui-testing";
		};
/* End PBXNativeTarget section */

/* Begin PBXProject section */
		14249D1F1DAFB58000769210 /* Project object */ = {
			isa = PBXProject;
			attributes = {
				LastSwiftUpdateCheck = 0800;
				LastUpgradeCheck = 0800;
				ORGANIZATIONNAME = zackma;
				TargetAttributes = {
					14249D261DAFB58000769210 = {
						CreatedOnToolsVersion = 8.0;
						ProvisioningStyle = Automatic;
					};
					14249D3A1DAFB58100769210 = {
						CreatedOnToolsVersion = 8.0;
						ProvisioningStyle = Automatic;
						TestTargetID = 14249D261DAFB58000769210;
					};
					14249D451DAFB58100769210 = {
						CreatedOnToolsVersion = 8.0;
						ProvisioningStyle = Automatic;
						TestTargetID = 14249D261DAFB58000769210;
					};
				};
			};
			buildConfigurationList = 14249D221DAFB58000769210 /* Build configuration list for PBXProject "SwiftWeather" */;
			compatibilityVersion = "Xcode 3.2";
			developmentRegion = English;
			hasScannedForEncodings = 0;
			knownRegions = (
				en,
				Base,
			);
			mainGroup = 14249D1E1DAFB58000769210;
			productRefGroup = 14249D281DAFB58100769210 /* Products */;
			projectDirPath = "";
			projectRoot = "";
			targets = (
				14249D261DAFB58000769210 /* SwiftWeather */,
				14249D3A1DAFB58100769210 /* SwiftWeatherTests */,
				14249D451DAFB58100769210 /* SwiftWeatherUITests */,
			);
		};
/* End PBXProject section */

/* Begin PBXResourcesBuildPhase section */
		14249D251DAFB58000769210 /* Resources */ = {
			isa = PBXResourcesBuildPhase;
			buildActionMask = 2147483647;
			files = (
				14249D351DAFB58100769210 /* LaunchScreen.storyboard in Resources */,
				14249D321DAFB58100769210 /* Assets.xcassets in Resources */,
				14249D301DAFB58100769210 /* Main.storyboard in Resources */,
			);
			runOnlyForDeploymentPostprocessing = 0;
		};
		14249D391DAFB58100769210 /* Resources */ = {
			isa = PBXResourcesBuildPhase;
			buildActionMask = 2147483647;
			files = (
			);
			runOnlyForDeploymentPostprocessing = 0;
		};
		14249D441DAFB58100769210 /* Resources */ = {
			isa = PBXResourcesBuildPhase;
			buildActionMask = 2147483647;
			files = (
			);
			runOnlyForDeploymentPostprocessing = 0;
		};
/* End PBXResourcesBuildPhase section */

/* Begin PBXSourcesBuildPhase section */
		14249D231DAFB58000769210 /* Sources */ = {
			isa = PBXSourcesBuildPhase;
			buildActionMask = 2147483647;
			files = (
				14249D2D1DAFB58100769210 /* ViewController.swift in Sources */,
				14249D2B1DAFB58100769210 /* AppDelegate.swift in Sources */,
			);
			runOnlyForDeploymentPostprocessing = 0;
		};
		14249D371DAFB58100769210 /* Sources */ = {
			isa = PBXSourcesBuildPhase;
			buildActionMask = 2147483647;
			files = (
				14249D401DAFB58100769210 /* SwiftWeatherTests.swift in Sources */,
			);
			runOnlyForDeploymentPostprocessing = 0;
		};
		14249D421DAFB58100769210 /* Sources */ = {
			isa = PBXSourcesBuildPhase;
			buildActionMask = 2147483647;
			files = (
				14249D4B1DAFB58100769210 /* SwiftWeatherUITests.swift in Sources */,
			);
			runOnlyForDeploymentPostprocessing = 0;
		};
/* End PBXSourcesBuildPhase section */

/* Begin PBXTargetDependency section */
		14249D3D1DAFB58100769210 /* PBXTargetDependency */ = {
			isa = PBXTargetDependency;
			target = 14249D261DAFB58000769210 /* SwiftWeather */;
			targetProxy = 14249D3C1DAFB58100769210 /* PBXContainerItemProxy */;
		};
		14249D481DAFB58100769210 /* PBXTargetDependency */ = {
			isa = PBXTargetDependency;
			target = 14249D261DAFB58000769210 /* SwiftWeather */;
			targetProxy = 14249D471DAFB58100769210 /* PBXContainerItemProxy */;
		};
/* End PBXTargetDependency section */

/* Begin PBXVariantGroup section */
		14249D2E1DAFB58100769210 /* Main.storyboard */ = {
			isa = PBXVariantGroup;
			children = (
				14249D2F1DAFB58100769210 /* Base */,
			);
			name = Main.storyboard;
			sourceTree = "<group>";
		};
		14249D331DAFB58100769210 /* LaunchScreen.storyboard */ = {
			isa = PBXVariantGroup;
			children = (
				14249D341DAFB58100769210 /* Base */,
			);
			name = LaunchScreen.storyboard;
			sourceTree = "<group>";
		};
/* End PBXVariantGroup section */

/* Begin XCBuildConfiguration section */
		14249D4D1DAFB58100769210 /* Debug */ = {
			isa = XCBuildConfiguration;
			buildSettings = {
				ALWAYS_SEARCH_USER_PATHS = NO;
				CLANG_ANALYZER_NONNULL = YES;
				CLANG_CXX_LANGUAGE_STANDARD = "gnu++0x";
				CLANG_CXX_LIBRARY = "libc++";
				CLANG_ENABLE_MODULES = YES;
				CLANG_ENABLE_OBJC_ARC = YES;
				CLANG_WARN_BOOL_CONVERSION = YES;
				CLANG_WARN_CONSTANT_CONVERSION = YES;
				CLANG_WARN_DIRECT_OBJC_ISA_USAGE = YES_ERROR;
				CLANG_WARN_DOCUMENTATION_COMMENTS = YES;
				CLANG_WARN_EMPTY_BODY = YES;
				CLANG_WARN_ENUM_CONVERSION = YES;
				CLANG_WARN_INFINITE_RECURSION = YES;
				CLANG_WARN_INT_CONVERSION = YES;
				CLANG_WARN_OBJC_ROOT_CLASS = YES_ERROR;
				CLANG_WARN_SUSPICIOUS_MOVES = YES;
				CLANG_WARN_UNREACHABLE_CODE = YES;
				CLANG_WARN__DUPLICATE_METHOD_MATCH = YES;
				"CODE_SIGN_IDENTITY[sdk=iphoneos*]" = "iPhone Developer";
				COPY_PHASE_STRIP = NO;
				DEBUG_INFORMATION_FORMAT = dwarf;
				ENABLE_STRICT_OBJC_MSGSEND = YES;
				ENABLE_TESTABILITY = YES;
				GCC_C_LANGUAGE_STANDARD = gnu99;
				GCC_DYNAMIC_NO_PIC = NO;
				GCC_NO_COMMON_BLOCKS = YES;
				GCC_OPTIMIZATION_LEVEL = 0;
				GCC_PREPROCESSOR_DEFINITIONS = (
					"DEBUG=1",
					"$(inherited)",
				);
				GCC_WARN_64_TO_32_BIT_CONVERSION = YES;
				GCC_WARN_ABOUT_RETURN_TYPE = YES_ERROR;
				GCC_WARN_UNDECLARED_SELECTOR = YES;
				GCC_WARN_UNINITIALIZED_AUTOS = YES_AGGRESSIVE;
				GCC_WARN_UNUSED_FUNCTION = YES;
				GCC_WARN_UNUSED_VARIABLE = YES;
				IPHONEOS_DEPLOYMENT_TARGET = 10.0;
				MTL_ENABLE_DEBUG_INFO = YES;
				ONLY_ACTIVE_ARCH = YES;
				SDKROOT = iphoneos;
				SWIFT_ACTIVE_COMPILATION_CONDITIONS = DEBUG;
				SWIFT_OPTIMIZATION_LEVEL = "-Onone";
			};
			name = Debug;
		};
		14249D4E1DAFB58100769210 /* Release */ = {
			isa = XCBuildConfiguration;
			buildSettings = {
				ALWAYS_SEARCH_USER_PATHS = NO;
				CLANG_ANALYZER_NONNULL = YES;
				CLANG_CXX_LANGUAGE_STANDARD = "gnu++0x";
				CLANG_CXX_LIBRARY = "libc++";
				CLANG_ENABLE_MODULES = YES;
				CLANG_ENABLE_OBJC_ARC = YES;
				CLANG_WARN_BOOL_CONVERSION = YES;
				CLANG_WARN_CONSTANT_CONVERSION = YES;
				CLANG_WARN_DIRECT_OBJC_ISA_USAGE = YES_ERROR;
				CLANG_WARN_DOCUMENTATION_COMMENTS = YES;
				CLANG_WARN_EMPTY_BODY = YES;
				CLANG_WARN_ENUM_CONVERSION = YES;
				CLANG_WARN_INFINITE_RECURSION = YES;
				CLANG_WARN_INT_CONVERSION = YES;
				CLANG_WARN_OBJC_ROOT_CLASS = YES_ERROR;
				CLANG_WARN_SUSPICIOUS_MOVES = YES;
				CLANG_WARN_UNREACHABLE_CODE = YES;
				CLANG_WARN__DUPLICATE_METHOD_MATCH = YES;
				"CODE_SIGN_IDENTITY[sdk=iphoneos*]" = "iPhone Developer";
				COPY_PHASE_STRIP = NO;
				DEBUG_INFORMATION_FORMAT = "dwarf-with-dsym";
				ENABLE_NS_ASSERTIONS = NO;
				ENABLE_STRICT_OBJC_MSGSEND = YES;
				GCC_C_LANGUAGE_STANDARD = gnu99;
				GCC_NO_COMMON_BLOCKS = YES;
				GCC_WARN_64_TO_32_BIT_CONVERSION = YES;
				GCC_WARN_ABOUT_RETURN_TYPE = YES_ERROR;
				GCC_WARN_UNDECLARED_SELECTOR = YES;
				GCC_WARN_UNINITIALIZED_AUTOS = YES_AGGRESSIVE;
				GCC_WARN_UNUSED_FUNCTION = YES;
				GCC_WARN_UNUSED_VARIABLE = YES;
				IPHONEOS_DEPLOYMENT_TARGET = 10.0;
				MTL_ENABLE_DEBUG_INFO = NO;
				SDKROOT = iphoneos;
				SWIFT_OPTIMIZATION_LEVEL = "-Owholemodule";
				VALIDATE_PRODUCT = YES;
			};
			name = Release;
		};
		14249D501DAFB58100769210 /* Debug */ = {
			isa = XCBuildConfiguration;
			buildSettings = {
				ASSETCATALOG_COMPILER_APPICON_NAME = AppIcon;
				INFOPLIST_FILE = SwiftWeather/Info.plist;
				LD_RUNPATH_SEARCH_PATHS = "$(inherited) @executable_path/Frameworks";
				PRODUCT_BUNDLE_IDENTIFIER = com.zackma.SwiftWeather;
				PRODUCT_NAME = "$(TARGET_NAME)";
				SWIFT_VERSION = 3.0;
			};
			name = Debug;
		};
		14249D511DAFB58100769210 /* Release */ = {
			isa = XCBuildConfiguration;
			buildSettings = {
				ASSETCATALOG_COMPILER_APPICON_NAME = AppIcon;
				INFOPLIST_FILE = SwiftWeather/Info.plist;
				LD_RUNPATH_SEARCH_PATHS = "$(inherited) @executable_path/Frameworks";
				PRODUCT_BUNDLE_IDENTIFIER = com.zackma.SwiftWeather;
				PRODUCT_NAME = "$(TARGET_NAME)";
				SWIFT_VERSION = 3.0;
			};
			name = Release;
		};
		14249D531DAFB58100769210 /* Debug */ = {
			isa = XCBuildConfiguration;
			buildSettings = {
				ALWAYS_EMBED_SWIFT_STANDARD_LIBRARIES = YES;
				BUNDLE_LOADER = "$(TEST_HOST)";
				INFOPLIST_FILE = SwiftWeatherTests/Info.plist;
				LD_RUNPATH_SEARCH_PATHS = "$(inherited) @executable_path/Frameworks @loader_path/Frameworks";
				PRODUCT_BUNDLE_IDENTIFIER = com.zackma.SwiftWeatherTests;
				PRODUCT_NAME = "$(TARGET_NAME)";
				SWIFT_VERSION = 3.0;
				TEST_HOST = "$(BUILT_PRODUCTS_DIR)/SwiftWeather.app/SwiftWeather";
			};
			name = Debug;
		};
		14249D541DAFB58100769210 /* Release */ = {
			isa = XCBuildConfiguration;
			buildSettings = {
				ALWAYS_EMBED_SWIFT_STANDARD_LIBRARIES = YES;
				BUNDLE_LOADER = "$(TEST_HOST)";
				INFOPLIST_FILE = SwiftWeatherTests/Info.plist;
				LD_RUNPATH_SEARCH_PATHS = "$(inherited) @executable_path/Frameworks @loader_path/Frameworks";
				PRODUCT_BUNDLE_IDENTIFIER = com.zackma.SwiftWeatherTests;
				PRODUCT_NAME = "$(TARGET_NAME)";
				SWIFT_VERSION = 3.0;
				TEST_HOST = "$(BUILT_PRODUCTS_DIR)/SwiftWeather.app/SwiftWeather";
			};
			name = Release;
		};
		14249D561DAFB58100769210 /* Debug */ = {
			isa = XCBuildConfiguration;
			buildSettings = {
				ALWAYS_EMBED_SWIFT_STANDARD_LIBRARIES = YES;
				INFOPLIST_FILE = SwiftWeatherUITests/Info.plist;
				LD_RUNPATH_SEARCH_PATHS = "$(inherited) @executable_path/Frameworks @loader_path/Frameworks";
				PRODUCT_BUNDLE_IDENTIFIER = com.zackma.SwiftWeatherUITests;
				PRODUCT_NAME = "$(TARGET_NAME)";
				SWIFT_VERSION = 3.0;
				TEST_TARGET_NAME = SwiftWeather;
			};
			name = Debug;
		};
		14249D571DAFB58100769210 /* Release */ = {
			isa = XCBuildConfiguration;
			buildSettings = {
				ALWAYS_EMBED_SWIFT_STANDARD_LIBRARIES = YES;
				INFOPLIST_FILE = SwiftWeatherUITests/Info.plist;
				LD_RUNPATH_SEARCH_PATHS = "$(inherited) @executable_path/Frameworks @loader_path/Frameworks";
				PRODUCT_BUNDLE_IDENTIFIER = com.zackma.SwiftWeatherUITests;
				PRODUCT_NAME = "$(TARGET_NAME)";
				SWIFT_VERSION = 3.0;
				TEST_TARGET_NAME = SwiftWeather;
			};
			name = Release;
		};
/* End XCBuildConfiguration section */

/* Begin XCConfigurationList section */
		14249D221DAFB58000769210 /* Build configuration list for PBXProject "SwiftWeather" */ = {
			isa = XCConfigurationList;
			buildConfigurations = (
				14249D4D1DAFB58100769210 /* Debug */,
				14249D4E1DAFB58100769210 /* Release */,
			);
			defaultConfigurationIsVisible = 0;
			defaultConfigurationName = Release;
		};
		14249D4F1DAFB58100769210 /* Build configuration list for PBXNativeTarget "SwiftWeather" */ = {
			isa = XCConfigurationList;
			buildConfigurations = (
				14249D501DAFB58100769210 /* Debug */,
				14249D511DAFB58100769210 /* Release */,
			);
			defaultConfigurationIsVisible = 0;
		};
		14249D521DAFB58100769210 /* Build configuration list for PBXNativeTarget "SwiftWeatherTests" */ = {
			isa = XCConfigurationList;
			buildConfigurations = (
				14249D531DAFB58100769210 /* Debug */,
				14249D541DAFB58100769210 /* Release */,
			);
			defaultConfigurationIsVisible = 0;
		};
		14249D551DAFB58100769210 /* Build configuration list for PBXNativeTarget "SwiftWeatherUITests" */ = {
			isa = XCConfigurationList;
			buildConfigurations = (
				14249D561DAFB58100769210 /* Debug */,
				14249D571DAFB58100769210 /* Release */,
			);
			defaultConfigurationIsVisible = 0;
		};
/* End XCConfigurationList section */
	};
	rootObject = 14249D1F1DAFB58000769210 /* Project object */;
}
